
Microsoft Visual Studio Solution File, Format Version 12.00
# Visual Studio 15
Project("{FAE04EC0-301F-11D3-BF4B-00C04F79EFBC}") = "Assembly-CSharp", "Assembly-CSharp.csproj", "{35FB328A-B766-861F-127E-E60041FD3723}"
EndProject
Project("{FAE04EC0-301F-11D3-BF4B-00C04F79EFBC}") = "Assembly-CSharp-Editor", "Assembly-CSharp-Editor.csproj", "{32125F44-4FA8-12BE-6236-37E7F2F42A8F}"
EndProject
Global
	GlobalSection(SolutionConfigurationPlatforms) = preSolution
		Debug|Any CPU = Debug|Any CPU
		Release|Any CPU = Release|Any CPU
	EndGlobalSection
	GlobalSection(ProjectConfigurationPlatforms) = postSolution
		{35FB328A-B766-861F-127E-E60041FD3723}.Debug|Any CPU.ActiveCfg = Debug|Any CPU
		{35FB328A-B766-861F-127E-E60041FD3723}.Debug|Any CPU.Build.0 = Debug|Any CPU
		{35FB328A-B766-861F-127E-E60041FD3723}.Release|Any CPU.ActiveCfg = Release|Any CPU
		{35FB328A-B766-861F-127E-E60041FD3723}.Release|Any CPU.Build.0 = Release|Any CPU
		{32125F44-4FA8-12BE-6236-37E7F2F42A8F}.Debug|Any CPU.ActiveCfg = Debug|Any CPU
		{32125F44-4FA8-12BE-6236-37E7F2F42A8F}.Debug|Any CPU.Build.0 = Debug|Any CPU
		{32125F44-4FA8-12BE-6236-37E7F2F42A8F}.Release|Any CPU.ActiveCfg = Release|Any CPU
		{32125F44-4FA8-12BE-6236-37E7F2F42A8F}.Release|Any CPU.Build.0 = Release|Any CPU
	EndGlobalSection
	GlobalSection(SolutionProperties) = preSolution
		HideSolutionNode = FALSE
	EndGlobalSection
EndGlobal
